
Microsoft Visual Studio Solution File, Format Version 12.00
# Visual Studio Version 17
VisualStudioVersion = 17.2.32630.192
MinimumVisualStudioVersion = 10.0.40219.1
Project("{FAE04EC0-301F-11D3-BF4B-00C04F79EFBC}") = "Intro.API", "Intro.API\Intro.API.csproj", "{B1751DB5-C79C-4BFC-98DF-0FDA815438A5}"
EndProject
Global
	GlobalSection(SolutionConfigurationPlatforms) = preSolution
		Debug|Any CPU = Debug|Any CPU
		Release|Any CPU = Release|Any CPU
	EndGlobalSection
	GlobalSection(ProjectConfigurationPlatforms) = postSolution
		{B1751DB5-C79C-4BFC-98DF-0FDA815438A5}.Debug|Any CPU.ActiveCfg = Debug|Any CPU
		{B1751DB5-C79C-4BFC-98DF-0FDA815438A5}.Debug|Any CPU.Build.0 = Debug|Any CPU
		{B1751DB5-C79C-4BFC-98DF-0FDA815438A5}.Release|Any CPU.ActiveCfg = Release|Any CPU
		{B1751DB5-C79C-4BFC-98DF-0FDA815438A5}.Release|Any CPU.Build.0 = Release|Any CPU
	EndGlobalSection
	GlobalSection(SolutionProperties) = preSolution
		HideSolutionNode = FALSE
	EndGlobalSection
	GlobalSection(ExtensibilityGlobals) = postSolution
		SolutionGuid = {1A708B34-07A8-4EA9-9C4B-96E1CBD62CC3}
	EndGlobalSection
EndGlobal
